// !$*UTF8*$!
{
	archiveVersion = 1;
	classes = {
	};
	objectVersion = 46;
	objects = {

/* Begin PBXBuildFile section */
		760AF4511EE37D960072E8DF /* ApacheLog.swift in Sources */ = {isa = PBXBuildFile; fileRef = 760AF4501EE37D960072E8DF /* ApacheLog.swift */; };
		760AF4521EE37D960072E8DF /* ApacheLog.swift in Sources */ = {isa = PBXBuildFile; fileRef = 760AF4501EE37D960072E8DF /* ApacheLog.swift */; };
		7682ABE31EE772EE002ECA16 /* NetworkService.swift in Sources */ = {isa = PBXBuildFile; fileRef = 7682ABE21EE772EE002ECA16 /* NetworkService.swift */; };
		7682ABE41EE772EE002ECA16 /* NetworkService.swift in Sources */ = {isa = PBXBuildFile; fileRef = 7682ABE21EE772EE002ECA16 /* NetworkService.swift */; };
		7684BD421EEA332400A7B03B /* LogCell.swift in Sources */ = {isa = PBXBuildFile; fileRef = 7684BD411EEA332400A7B03B /* LogCell.swift */; };
		768AD72B1EE87A9900567E8C /* ApacheLogParser.swift in Sources */ = {isa = PBXBuildFile; fileRef = 768AD72A1EE87A9900567E8C /* ApacheLogParser.swift */; };
		76FD4D821EE354F5003E5DC0 /* AppDelegate.swift in Sources */ = {isa = PBXBuildFile; fileRef = 76FD4D811EE354F5003E5DC0 /* AppDelegate.swift */; };
		76FD4D841EE354F5003E5DC0 /* ViewController.swift in Sources */ = {isa = PBXBuildFile; fileRef = 76FD4D831EE354F5003E5DC0 /* ViewController.swift */; };
		76FD4D871EE354F5003E5DC0 /* Main.storyboard in Resources */ = {isa = PBXBuildFile; fileRef = 76FD4D851EE354F5003E5DC0 /* Main.storyboard */; };
		76FD4D891EE354F5003E5DC0 /* Assets.xcassets in Resources */ = {isa = PBXBuildFile; fileRef = 76FD4D881EE354F5003E5DC0 /* Assets.xcassets */; };
		76FD4D8C1EE354F5003E5DC0 /* LaunchScreen.storyboard in Resources */ = {isa = PBXBuildFile; fileRef = 76FD4D8A1EE354F5003E5DC0 /* LaunchScreen.storyboard */; };
/* End PBXBuildFile section */

/* Begin PBXContainerItemProxy section */
		76FD4D931EE354F5003E5DC0 /* PBXContainerItemProxy */ = {
			isa = PBXContainerItemProxy;
			containerPortal = 76FD4D761EE354F4003E5DC0 /* Project object */;
			proxyType = 1;
			remoteGlobalIDString = 76FD4D7D1EE354F4003E5DC0;
			remoteInfo = Inspiring;
		};
/* End PBXContainerItemProxy section */

/* Begin PBXFileReference section */
		760AF4501EE37D960072E8DF /* ApacheLog.swift */ = {isa = PBXFileReference; fileEncoding = 4; lastKnownFileType = sourcecode.swift; path = ApacheLog.swift; sourceTree = "<group>"; };
		7682ABE21EE772EE002ECA16 /* NetworkService.swift */ = {isa = PBXFileReference; fileEncoding = 4; lastKnownFileType = sourcecode.swift; path = NetworkService.swift; sourceTree = "<group>"; };
		7684BD411EEA332400A7B03B /* LogCell.swift */ = {isa = PBXFileReference; fileEncoding = 4; lastKnownFileType = sourcecode.swift; path = LogCell.swift; sourceTree = "<group>"; };
		768AD72A1EE87A9900567E8C /* ApacheLogParser.swift */ = {isa = PBXFileReference; fileEncoding = 4; lastKnownFileType = sourcecode.swift; path = ApacheLogParser.swift; sourceTree = "<group>"; };
		76FD4D7E1EE354F5003E5DC0 /* Inspiring.app */ = {isa = PBXFileReference; explicitFileType = wrapper.application; includeInIndex = 0; path = Inspiring.app; sourceTree = BUILT_PRODUCTS_DIR; };
		76FD4D811EE354F5003E5DC0 /* AppDelegate.swift */ = {isa = PBXFileReference; lastKnownFileType = sourcecode.swift; path = AppDelegate.swift; sourceTree = "<group>"; };
		76FD4D831EE354F5003E5DC0 /* ViewController.swift */ = {isa = PBXFileReference; lastKnownFileType = sourcecode.swift; path = ViewController.swift; sourceTree = "<group>"; };
		76FD4D861EE354F5003E5DC0 /* Base */ = {isa = PBXFileReference; lastKnownFileType = file.storyboard; name = Base; path = Base.lproj/Main.storyboard; sourceTree = "<group>"; };
		76FD4D881EE354F5003E5DC0 /* Assets.xcassets */ = {isa = PBXFileReference; lastKnownFileType = folder.assetcatalog; path = Assets.xcassets; sourceTree = "<group>"; };
		76FD4D8B1EE354F5003E5DC0 /* Base */ = {isa = PBXFileReference; lastKnownFileType = file.storyboard; name = Base; path = Base.lproj/LaunchScreen.storyboard; sourceTree = "<group>"; };
		76FD4D8D1EE354F5003E5DC0 /* Info.plist */ = {isa = PBXFileReference; lastKnownFileType = text.plist.xml; path = Info.plist; sourceTree = "<group>"; };
		76FD4D921EE354F5003E5DC0 /* InspiringTests.xctest */ = {isa = PBXFileReference; explicitFileType = wrapper.cfbundle; includeInIndex = 0; path = InspiringTests.xctest; sourceTree = BUILT_PRODUCTS_DIR; };
		76FD4D981EE354F5003E5DC0 /* Info.plist */ = {isa = PBXFileReference; lastKnownFileType = text.plist.xml; path = Info.plist; sourceTree = "<group>"; };
/* End PBXFileReference section */

/* Begin PBXFrameworksBuildPhase section */
		76FD4D7B1EE354F4003E5DC0 /* Frameworks */ = {
			isa = PBXFrameworksBuildPhase;
			buildActionMask = 2147483647;
			files = (
			);
			runOnlyForDeploymentPostprocessing = 0;
		};
		76FD4D8F1EE354F5003E5DC0 /* Frameworks */ = {
			isa = PBXFrameworksBuildPhase;
			buildActionMask = 2147483647;
			files = (
			);
			runOnlyForDeploymentPostprocessing = 0;
		};
/* End PBXFrameworksBuildPhase section */

/* Begin PBXGroup section */
		765BD32D1EE355B400BB8F8B /* Model */ = {
			isa = PBXGroup;
			children = (
				760AF4501EE37D960072E8DF /* ApacheLog.swift */,
				7682ABE21EE772EE002ECA16 /* NetworkService.swift */,
				768AD72A1EE87A9900567E8C /* ApacheLogParser.swift */,
			);
			name = Model;
			sourceTree = "<group>";
		};
		765BD32E1EE355B900BB8F8B /* View */ = {
			isa = PBXGroup;
			children = (
				7684BD411EEA332400A7B03B /* LogCell.swift */,
			);
			name = View;
			sourceTree = "<group>";
		};
		765BD32F1EE355BD00BB8F8B /* Controller */ = {
			isa = PBXGroup;
			children = (
				76FD4D831EE354F5003E5DC0 /* ViewController.swift */,
			);
			name = Controller;
			sourceTree = "<group>";
		};
		765BD3301EE355D000BB8F8B /* Essentials */ = {
			isa = PBXGroup;
			children = (
				76FD4D8D1EE354F5003E5DC0 /* Info.plist */,
				76FD4D8A1EE354F5003E5DC0 /* LaunchScreen.storyboard */,
				76FD4D881EE354F5003E5DC0 /* Assets.xcassets */,
				76FD4D811EE354F5003E5DC0 /* AppDelegate.swift */,
			);
			name = Essentials;
			sourceTree = "<group>";
		};
		76FD4D751EE354F4003E5DC0 = {
			isa = PBXGroup;
			children = (
				76FD4D801EE354F5003E5DC0 /* Inspiring */,
				76FD4D951EE354F5003E5DC0 /* InspiringTests */,
				76FD4D7F1EE354F5003E5DC0 /* Products */,
			);
			sourceTree = "<group>";
		};
		76FD4D7F1EE354F5003E5DC0 /* Products */ = {
			isa = PBXGroup;
			children = (
				76FD4D7E1EE354F5003E5DC0 /* Inspiring.app */,
				76FD4D921EE354F5003E5DC0 /* InspiringTests.xctest */,
			);
			name = Products;
			sourceTree = "<group>";
		};
		76FD4D801EE354F5003E5DC0 /* Inspiring */ = {
			isa = PBXGroup;
			children = (
				765BD3301EE355D000BB8F8B /* Essentials */,
				765BD32D1EE355B400BB8F8B /* Model */,
				765BD32E1EE355B900BB8F8B /* View */,
				765BD32F1EE355BD00BB8F8B /* Controller */,
				76FD4D851EE354F5003E5DC0 /* Main.storyboard */,
			);
			path = Inspiring;
			sourceTree = "<group>";
		};
		76FD4D951EE354F5003E5DC0 /* InspiringTests */ = {
			isa = PBXGroup;
			children = (
				76FD4D981EE354F5003E5DC0 /* Info.plist */,
			);
			path = InspiringTests;
			sourceTree = "<group>";
		};
/* End PBXGroup section */

/* Begin PBXNativeTarget section */
		76FD4D7D1EE354F4003E5DC0 /* Inspiring */ = {
			isa = PBXNativeTarget;
			buildConfigurationList = 76FD4D9B1EE354F5003E5DC0 /* Build configuration list for PBXNativeTarget "Inspiring" */;
			buildPhases = (
				76FD4D7A1EE354F4003E5DC0 /* Sources */,
				76FD4D7B1EE354F4003E5DC0 /* Frameworks */,
				76FD4D7C1EE354F4003E5DC0 /* Resources */,
			);
			buildRules = (
			);
			dependencies = (
			);
			name = Inspiring;
			productName = Inspiring;
			productReference = 76FD4D7E1EE354F5003E5DC0 /* Inspiring.app */;
			productType = "com.apple.product-type.application";
		};
		76FD4D911EE354F5003E5DC0 /* InspiringTests */ = {
			isa = PBXNativeTarget;
			buildConfigurationList = 76FD4D9E1EE354F5003E5DC0 /* Build configuration list for PBXNativeTarget "InspiringTests" */;
			buildPhases = (
				76FD4D8E1EE354F5003E5DC0 /* Sources */,
				76FD4D8F1EE354F5003E5DC0 /* Frameworks */,
				76FD4D901EE354F5003E5DC0 /* Resources */,
			);
			buildRules = (
			);
			dependencies = (
				76FD4D941EE354F5003E5DC0 /* PBXTargetDependency */,
			);
			name = InspiringTests;
			productName = InspiringTests;
			productReference = 76FD4D921EE354F5003E5DC0 /* InspiringTests.xctest */;
			productType = "com.apple.product-type.bundle.unit-test";
		};
/* End PBXNativeTarget section */

/* Begin PBXProject section */
		76FD4D761EE354F4003E5DC0 /* Project object */ = {
			isa = PBXProject;
			attributes = {
				LastSwiftUpdateCheck = 0820;
				LastUpgradeCheck = 0820;
				ORGANIZATIONNAME = "Vu Dang";
				TargetAttributes = {
					76FD4D7D1EE354F4003E5DC0 = {
						CreatedOnToolsVersion = 8.2.1;
						DevelopmentTeam = JYPLTFPFXY;
						ProvisioningStyle = Automatic;
					};
					76FD4D911EE354F5003E5DC0 = {
						CreatedOnToolsVersion = 8.2.1;
						DevelopmentTeam = JYPLTFPFXY;
						ProvisioningStyle = Automatic;
						TestTargetID = 76FD4D7D1EE354F4003E5DC0;
					};
				};
			};
			buildConfigurationList = 76FD4D791EE354F4003E5DC0 /* Build configuration list for PBXProject "Inspiring" */;
			compatibilityVersion = "Xcode 3.2";
			developmentRegion = English;
			hasScannedForEncodings = 0;
			knownRegions = (
				en,
				Base,
			);
			mainGroup = 76FD4D751EE354F4003E5DC0;
			productRefGroup = 76FD4D7F1EE354F5003E5DC0 /* Products */;
			projectDirPath = "";
			projectRoot = "";
			targets = (
				76FD4D7D1EE354F4003E5DC0 /* Inspiring */,
				76FD4D911EE354F5003E5DC0 /* InspiringTests */,
			);
		};
/* End PBXProject section */

/* Begin PBXResourcesBuildPhase section */
		76FD4D7C1EE354F4003E5DC0 /* Resources */ = {
			isa = PBXResourcesBuildPhase;
			buildActionMask = 2147483647;
			files = (
				76FD4D8C1EE354F5003E5DC0 /* LaunchScreen.storyboard in Resources */,
				76FD4D891EE354F5003E5DC0 /* Assets.xcassets in Resources */,
				76FD4D871EE354F5003E5DC0 /* Main.storyboard in Resources */,
			);
			runOnlyForDeploymentPostprocessing = 0;
		};
		76FD4D901EE354F5003E5DC0 /* Resources */ = {
			isa = PBXResourcesBuildPhase;
			buildActionMask = 2147483647;
			files = (
			);
			runOnlyForDeploymentPostprocessing = 0;
		};
/* End PBXResourcesBuildPhase section */

/* Begin PBXSourcesBuildPhase section */
		76FD4D7A1EE354F4003E5DC0 /* Sources */ = {
			isa = PBXSourcesBuildPhase;
			buildActionMask = 2147483647;
			files = (
				768AD72B1EE87A9900567E8C /* ApacheLogParser.swift in Sources */,
				76FD4D841EE354F5003E5DC0 /* ViewController.swift in Sources */,
				7684BD421EEA332400A7B03B /* LogCell.swift in Sources */,
				76FD4D821EE354F5003E5DC0 /* AppDelegate.swift in Sources */,
				7682ABE31EE772EE002ECA16 /* NetworkService.swift in Sources */,
				760AF4511EE37D960072E8DF /* ApacheLog.swift in Sources */,
			);
			runOnlyForDeploymentPostprocessing = 0;
		};
		76FD4D8E1EE354F5003E5DC0 /* Sources */ = {
			isa = PBXSourcesBuildPhase;
			buildActionMask = 2147483647;
			files = (
				760AF4521EE37D960072E8DF /* ApacheLog.swift in Sources */,
				7682ABE41EE772EE002ECA16 /* NetworkService.swift in Sources */,
			);
			runOnlyForDeploymentPostprocessing = 0;
		};
/* End PBXSourcesBuildPhase section */

/* Begin PBXTargetDependency section */
		76FD4D941EE354F5003E5DC0 /* PBXTargetDependency */ = {
			isa = PBXTargetDependency;
			target = 76FD4D7D1EE354F4003E5DC0 /* Inspiring */;
			targetProxy = 76FD4D931EE354F5003E5DC0 /* PBXContainerItemProxy */;
		};
/* End PBXTargetDependency section */

/* Begin PBXVariantGroup section */
		76FD4D851EE354F5003E5DC0 /* Main.storyboard */ = {
			isa = PBXVariantGroup;
			children = (
				76FD4D861EE354F5003E5DC0 /* Base */,
			);
			name = Main.storyboard;
			sourceTree = "<group>";
		};
		76FD4D8A1EE354F5003E5DC0 /* LaunchScreen.storyboard */ = {
			isa = PBXVariantGroup;
			children = (
				76FD4D8B1EE354F5003E5DC0 /* Base */,
			);
			name = LaunchScreen.storyboard;
			sourceTree = "<group>";
		};
/* End PBXVariantGroup section */

/* Begin XCBuildConfiguration section */
		76FD4D991EE354F5003E5DC0 /* Debug */ = {
			isa = XCBuildConfiguration;
			buildSettings = {
				ALWAYS_SEARCH_USER_PATHS = NO;
				CLANG_ANALYZER_NONNULL = YES;
				CLANG_CXX_LANGUAGE_STANDARD = "gnu++0x";
				CLANG_CXX_LIBRARY = "libc++";
				CLANG_ENABLE_MODULES = YES;
				CLANG_ENABLE_OBJC_ARC = YES;
				CLANG_WARN_BOOL_CONVERSION = YES;
				CLANG_WARN_CONSTANT_CONVERSION = YES;
				CLANG_WARN_DIRECT_OBJC_ISA_USAGE = YES_ERROR;
				CLANG_WARN_DOCUMENTATION_COMMENTS = YES;
				CLANG_WARN_EMPTY_BODY = YES;
				CLANG_WARN_ENUM_CONVERSION = YES;
				CLANG_WARN_INFINITE_RECURSION = YES;
				CLANG_WARN_INT_CONVERSION = YES;
				CLANG_WARN_OBJC_ROOT_CLASS = YES_ERROR;
				CLANG_WARN_SUSPICIOUS_MOVE = YES;
				CLANG_WARN_UNREACHABLE_CODE = YES;
				CLANG_WARN__DUPLICATE_METHOD_MATCH = YES;
				"CODE_SIGN_IDENTITY[sdk=iphoneos*]" = "iPhone Developer";
				COPY_PHASE_STRIP = NO;
				DEBUG_INFORMATION_FORMAT = dwarf;
				ENABLE_STRICT_OBJC_MSGSEND = YES;
				ENABLE_TESTABILITY = YES;
				GCC_C_LANGUAGE_STANDARD = gnu99;
				GCC_DYNAMIC_NO_PIC = NO;
				GCC_NO_COMMON_BLOCKS = YES;
				GCC_OPTIMIZATION_LEVEL = 0;
				GCC_PREPROCESSOR_DEFINITIONS = (
					"DEBUG=1",
					"$(inherited)",
				);
				GCC_WARN_64_TO_32_BIT_CONVERSION = YES;
				GCC_WARN_ABOUT_RETURN_TYPE = YES_ERROR;
				GCC_WARN_UNDECLARED_SELECTOR = YES;
				GCC_WARN_UNINITIALIZED_AUTOS = YES_AGGRESSIVE;
				GCC_WARN_UNUSED_FUNCTION = YES;
				GCC_WARN_UNUSED_VARIABLE = YES;
				IPHONEOS_DEPLOYMENT_TARGET = 10.2;
				MTL_ENABLE_DEBUG_INFO = YES;
				ONLY_ACTIVE_ARCH = YES;
				SDKROOT = iphoneos;
				SWIFT_ACTIVE_COMPILATION_CONDITIONS = DEBUG;
				SWIFT_OPTIMIZATION_LEVEL = "-Onone";
			};
			name = Debug;
		};
		76FD4D9A1EE354F5003E5DC0 /* Release */ = {
			isa = XCBuildConfiguration;
			buildSettings = {
				ALWAYS_SEARCH_USER_PATHS = NO;
				CLANG_ANALYZER_NONNULL = YES;
				CLANG_CXX_LANGUAGE_STANDARD = "gnu++0x";
				CLANG_CXX_LIBRARY = "libc++";
				CLANG_ENABLE_MODULES = YES;
				CLANG_ENABLE_OBJC_ARC = YES;
				CLANG_WARN_BOOL_CONVERSION = YES;
				CLANG_WARN_CONSTANT_CONVERSION = YES;
				CLANG_WARN_DIRECT_OBJC_ISA_USAGE = YES_ERROR;
				CLANG_WARN_DOCUMENTATION_COMMENTS = YES;
				CLANG_WARN_EMPTY_BODY = YES;
				CLANG_WARN_ENUM_CONVERSION = YES;
				CLANG_WARN_INFINITE_RECURSION = YES;
				CLANG_WARN_INT_CONVERSION = YES;
				CLANG_WARN_OBJC_ROOT_CLASS = YES_ERROR;
				CLANG_WARN_SUSPICIOUS_MOVE = YES;
				CLANG_WARN_UNREACHABLE_CODE = YES;
				CLANG_WARN__DUPLICATE_METHOD_MATCH = YES;
				"CODE_SIGN_IDENTITY[sdk=iphoneos*]" = "iPhone Developer";
				COPY_PHASE_STRIP = NO;
				DEBUG_INFORMATION_FORMAT = "dwarf-with-dsym";
				ENABLE_NS_ASSERTIONS = NO;
				ENABLE_STRICT_OBJC_MSGSEND = YES;
				GCC_C_LANGUAGE_STANDARD = gnu99;
				GCC_NO_COMMON_BLOCKS = YES;
				GCC_WARN_64_TO_32_BIT_CONVERSION = YES;
				GCC_WARN_ABOUT_RETURN_TYPE = YES_ERROR;
				GCC_WARN_UNDECLARED_SELECTOR = YES;
				GCC_WARN_UNINITIALIZED_AUTOS = YES_AGGRESSIVE;
				GCC_WARN_UNUSED_FUNCTION = YES;
				GCC_WARN_UNUSED_VARIABLE = YES;
				IPHONEOS_DEPLOYMENT_TARGET = 10.2;
				MTL_ENABLE_DEBUG_INFO = NO;
				SDKROOT = iphoneos;
				SWIFT_OPTIMIZATION_LEVEL = "-Owholemodule";
				VALIDATE_PRODUCT = YES;
			};
			name = Release;
		};
		76FD4D9C1EE354F5003E5DC0 /* Debug */ = {
			isa = XCBuildConfiguration;
			buildSettings = {
				ASSETCATALOG_COMPILER_APPICON_NAME = AppIcon;
				DEVELOPMENT_TEAM = JYPLTFPFXY;
				INFOPLIST_FILE = Inspiring/Info.plist;
				LD_RUNPATH_SEARCH_PATHS = "$(inherited) @executable_path/Frameworks";
				PRODUCT_BUNDLE_IDENTIFIER = com.neomadgic.Inspiring;
				PRODUCT_NAME = "$(TARGET_NAME)";
				SWIFT_VERSION = 3.0;
			};
			name = Debug;
		};
		76FD4D9D1EE354F5003E5DC0 /* Release */ = {
			isa = XCBuildConfiguration;
			buildSettings = {
				ASSETCATALOG_COMPILER_APPICON_NAME = AppIcon;
				DEVELOPMENT_TEAM = JYPLTFPFXY;
				INFOPLIST_FILE = Inspiring/Info.plist;
				LD_RUNPATH_SEARCH_PATHS = "$(inherited) @executable_path/Frameworks";
				PRODUCT_BUNDLE_IDENTIFIER = com.neomadgic.Inspiring;
				PRODUCT_NAME = "$(TARGET_NAME)";
				SWIFT_VERSION = 3.0;
			};
			name = Release;
		};
		76FD4D9F1EE354F5003E5DC0 /* Debug */ = {
			isa = XCBuildConfiguration;
			buildSettings = {
				ALWAYS_EMBED_SWIFT_STANDARD_LIBRARIES = YES;
				BUNDLE_LOADER = "$(TEST_HOST)";
				DEVELOPMENT_TEAM = JYPLTFPFXY;
				INFOPLIST_FILE = InspiringTests/Info.plist;
				LD_RUNPATH_SEARCH_PATHS = "$(inherited) @executable_path/Frameworks @loader_path/Frameworks";
				PRODUCT_BUNDLE_IDENTIFIER = com.neomadgic.InspiringTests;
				PRODUCT_NAME = "$(TARGET_NAME)";
				SWIFT_VERSION = 3.0;
				TEST_HOST = "$(BUILT_PRODUCTS_DIR)/Inspiring.app/Inspiring";
			};
			name = Debug;
		};
		76FD4DA01EE354F5003E5DC0 /* Release */ = {
			isa = XCBuildConfiguration;
			buildSettings = {
				ALWAYS_EMBED_SWIFT_STANDARD_LIBRARIES = YES;
				BUNDLE_LOADER = "$(TEST_HOST)";
				DEVELOPMENT_TEAM = JYPLTFPFXY;
				INFOPLIST_FILE = InspiringTests/Info.plist;
				LD_RUNPATH_SEARCH_PATHS = "$(inherited) @executable_path/Frameworks @loader_path/Frameworks";
				PRODUCT_BUNDLE_IDENTIFIER = com.neomadgic.InspiringTests;
				PRODUCT_NAME = "$(TARGET_NAME)";
				SWIFT_VERSION = 3.0;
				TEST_HOST = "$(BUILT_PRODUCTS_DIR)/Inspiring.app/Inspiring";
			};
			name = Release;
		};
/* End XCBuildConfiguration section */

/* Begin XCConfigurationList section */
		76FD4D791EE354F4003E5DC0 /* Build configuration list for PBXProject "Inspiring" */ = {
			isa = XCConfigurationList;
			buildConfigurations = (
				76FD4D991EE354F5003E5DC0 /* Debug */,
				76FD4D9A1EE354F5003E5DC0 /* Release */,
			);
			defaultConfigurationIsVisible = 0;
			defaultConfigurationName = Release;
		};
		76FD4D9B1EE354F5003E5DC0 /* Build configuration list for PBXNativeTarget "Inspiring" */ = {
			isa = XCConfigurationList;
			buildConfigurations = (
				76FD4D9C1EE354F5003E5DC0 /* Debug */,
				76FD4D9D1EE354F5003E5DC0 /* Release */,
			);
			defaultConfigurationIsVisible = 0;
			defaultConfigurationName = Release;
		};
		76FD4D9E1EE354F5003E5DC0 /* Build configuration list for PBXNativeTarget "InspiringTests" */ = {
			isa = XCConfigurationList;
			buildConfigurations = (
				76FD4D9F1EE354F5003E5DC0 /* Debug */,
				76FD4DA01EE354F5003E5DC0 /* Release */,
			);
			defaultConfigurationIsVisible = 0;
			defaultConfigurationName = Release;
		};
/* End XCConfigurationList section */
	};
	rootObject = 76FD4D761EE354F4003E5DC0 /* Project object */;
}
